{
  "lockfile_version": "1",
  "packages": {
    "bat@0.24.0": {
      "last_modified": "2024-05-22T06:18:38Z",
      "resolved": "github:NixOS/nixpkgs/3f316d2a50699a78afe5e77ca486ad553169061e#bat",
      "source": "devbox-search",
      "version": "0.24.0",
      "systems": {
        "aarch64-darwin": {
          "outputs": [
            {
              "name": "out",
              "path": "/nix/store/hiia69kvpnlkkqrwa9q0v7rzyik91ip7-bat-0.24.0",
              "default": true
            }
          ],
          "store_path": "/nix/store/hiia69kvpnlkkqrwa9q0v7rzyik91ip7-bat-0.24.0"
        },
        "aarch64-linux": {
          "outputs": [
            {
              "name": "out",
              "path": "/nix/store/ihqxca088m35nf12z8w8z102x9cyjvya-bat-0.24.0",
              "default": true
            }
          ],
          "store_path": "/nix/store/ihqxca088m35nf12z8w8z102x9cyjvya-bat-0.24.0"
        },
        "x86_64-darwin": {
          "outputs": [
            {
              "name": "out",
              "path": "/nix/store/06ikrv8pnq7lf2f6rf4q970acf42f1x7-bat-0.24.0",
              "default": true
            }
          ],
          "store_path": "/nix/store/06ikrv8pnq7lf2f6rf4q970acf42f1x7-bat-0.24.0"
        },
        "x86_64-linux": {
          "outputs": [
            {
              "name": "out",
              "path": "/nix/store/ghqlmx96vqiywgr0bixsk78z0515drgj-bat-0.24.0",
              "default": true
            }
          ],
          "store_path": "/nix/store/ghqlmx96vqiywgr0bixsk78z0515drgj-bat-0.24.0"
        }
      }
    },
    "ffmpeg@6.1.1": {
      "last_modified": "2024-05-30T23:48:18Z",
      "resolved": "github:NixOS/nixpkgs/6132b0f6e344ce2fe34fc051b72fb46e34f668e0#ffmpeg",
      "source": "devbox-search",
      "version": "6.1.1",
      "systems": {
        "aarch64-darwin": {
          "outputs": [
            {
              "name": "bin",
              "path": "/nix/store/s3h5z4bwr5b9jhii6qcpfv2v33cqd69f-ffmpeg-6.1.1-bin",
              "default": true
            },
            {
              "name": "man",
              "path": "/nix/store/vbknl27vs9dz0ikfbpbmh23hlh5f99hc-ffmpeg-6.1.1-man",
              "default": true
            },
            {
              "name": "out",
              "path": "/nix/store/ajqarrhkni8p7kwr0zqmfdalflnmp5hs-ffmpeg-6.1.1"
            },
            {
              "name": "data",
              "path": "/nix/store/0ddw2vd8kx2zbca03w2w5vnaap9py1ls-ffmpeg-6.1.1-data"
            },
            {
              "name": "dev",
              "path": "/nix/store/5ws2ksq453pxppii4dcap1g59ldks0a5-ffmpeg-6.1.1-dev"
            },
            {
              "name": "doc",
              "path": "/nix/store/m9cl641c4k8p74mb0x48v3qbxi5xbnlk-ffmpeg-6.1.1-doc"
            },
            {
              "name": "lib",
              "path": "/nix/store/fy17widvr225nrghvwl78yqsrmpf6pib-ffmpeg-6.1.1-lib"
            }
          ],
          "store_path": "/nix/store/s3h5z4bwr5b9jhii6qcpfv2v33cqd69f-ffmpeg-6.1.1-bin"
        },
        "aarch64-linux": {
          "outputs": [
            {
              "name": "bin",
              "path": "/nix/store/26sh0a2vz4xkvk7ajzcy8yn9bf3hxjw8-ffmpeg-6.1.1-bin",
              "default": true
            },
            {
              "name": "man",
              "path": "/nix/store/v25j5hlaz4hikrqs15vqg7la33a1qcc4-ffmpeg-6.1.1-man",
              "default": true
            },
            {
              "name": "data",
              "path": "/nix/store/lnfkg5x9gsfphc2l8drgx09vl421kpr6-ffmpeg-6.1.1-data"
            },
            {
              "name": "dev",
              "path": "/nix/store/4sd4nngbq7jdnikszrd0hhp4yrkgslyy-ffmpeg-6.1.1-dev"
            },
            {
              "name": "doc",
              "path": "/nix/store/bwjs57vgin39hlcmr46d2gwdf5y0xz5d-ffmpeg-6.1.1-doc"
            },
            {
              "name": "lib",
              "path": "/nix/store/7swkz8gvifph8x3mpdcv355z46mj02ld-ffmpeg-6.1.1-lib"
            },
            {
              "name": "out",
              "path": "/nix/store/r620a69ngdh4378j81sdpi0z1gh2mc01-ffmpeg-6.1.1"
            }
          ],
          "store_path": "/nix/store/26sh0a2vz4xkvk7ajzcy8yn9bf3hxjw8-ffmpeg-6.1.1-bin"
        },
        "x86_64-darwin": {
          "outputs": [
            {
              "name": "bin",
              "path": "/nix/store/c8swfr4rjav5yfds4rfjvz8zl7r4a05a-ffmpeg-6.1.1-bin",
              "default": true
            },
            {
              "name": "man",
              "path": "/nix/store/0h2drs21j72xiy7b1zfynyhwdyscpv9a-ffmpeg-6.1.1-man",
              "default": true
            },
            {
              "name": "lib",
              "path": "/nix/store/yd3zqc5c0cgfsfndf560lvw9iq1miaid-ffmpeg-6.1.1-lib"
            },
            {
              "name": "out",
              "path": "/nix/store/gw0yv5gnk56fz6xnsd0xmb0j0ci0hpgb-ffmpeg-6.1.1"
            },
            {
              "name": "data",
              "path": "/nix/store/1rx61k706s4kfkmyd557mjbfc156m41w-ffmpeg-6.1.1-data"
            },
            {
              "name": "dev",
              "path": "/nix/store/f262k2i0l67qdypkb9yz5275zzpk3qks-ffmpeg-6.1.1-dev"
            },
            {
              "name": "doc",
              "path": "/nix/store/dz7p0wfi1i9zi98m8zdsjm0hwz56m23n-ffmpeg-6.1.1-doc"
            }
          ],
          "store_path": "/nix/store/c8swfr4rjav5yfds4rfjvz8zl7r4a05a-ffmpeg-6.1.1-bin"
        },
        "x86_64-linux": {
          "outputs": [
            {
              "name": "bin",
              "path": "/nix/store/3zc5jbvqzrn8zmva4fx5p0nh4yy03wk4-ffmpeg-6.1.1-bin",
              "default": true
            },
            {
              "name": "man",
              "path": "/nix/store/jxv18sbi5vmhi0nxdn8nl8jnz6nd4djg-ffmpeg-6.1.1-man",
              "default": true
            },
            {
              "name": "data",
              "path": "/nix/store/71hcrwn1g6ncki859v14jq18i8fx84sk-ffmpeg-6.1.1-data"
            },
            {
              "name": "dev",
              "path": "/nix/store/wcki8li0sdcx3gks1n44fjp1qqy1nm1s-ffmpeg-6.1.1-dev"
            },
            {
              "name": "doc",
              "path": "/nix/store/8c6k4np7z9sdfx390qw3g1w2q3awmgz1-ffmpeg-6.1.1-doc"
            },
            {
              "name": "lib",
              "path": "/nix/store/0qs6lqxic761r65ffdv6jqn6yrsjsqn0-ffmpeg-6.1.1-lib"
            },
            {
              "name": "out",
              "path": "/nix/store/7pjg2bhyigxn18xz9qk9yyqqv3fnmyvd-ffmpeg-6.1.1"
            }
          ],
          "store_path": "/nix/store/3zc5jbvqzrn8zmva4fx5p0nh4yy03wk4-ffmpeg-6.1.1-bin"
        }
      }
    },
    "pipx@1.4.3": {
      "last_modified": "2024-05-22T06:18:38Z",
      "resolved": "github:NixOS/nixpkgs/3f316d2a50699a78afe5e77ca486ad553169061e#pipx",
      "source": "devbox-search",
      "version": "1.4.3",
      "systems": {
        "aarch64-darwin": {
          "outputs": [
            {
              "name": "out",
              "path": "/nix/store/wxphvh1yvzlng07dcfqk9n9d4dfdikkp-python3.11-pipx-1.4.3",
              "default": true
            },
            {
              "name": "dist",
              "path": "/nix/store/75mxb04abkzy6kjlmajb22043v6ah4jr-python3.11-pipx-1.4.3-dist"
            }
          ],
          "store_path": "/nix/store/wxphvh1yvzlng07dcfqk9n9d4dfdikkp-python3.11-pipx-1.4.3"
        },
        "aarch64-linux": {
          "outputs": [
            {
              "name": "out",
              "path": "/nix/store/nhlj49sz8d6ff54qi1b5lqilrkrh82j8-python3.11-pipx-1.4.3",
              "default": true
            },
            {
              "name": "dist",
              "path": "/nix/store/cknk6jnnbb0hqf3zyqznah9i9qjhq70v-python3.11-pipx-1.4.3-dist"
            }
          ],
          "store_path": "/nix/store/nhlj49sz8d6ff54qi1b5lqilrkrh82j8-python3.11-pipx-1.4.3"
        },
        "x86_64-darwin": {
          "outputs": [
            {
              "name": "out",
              "path": "/nix/store/1gm46p4w4kh9rvcydiv3l3nllhk148rl-python3.11-pipx-1.4.3",
              "default": true
            },
            {
              "name": "dist",
              "path": "/nix/store/qvczb3mnxax6akfgf7xd3gpqx4dp8ws2-python3.11-pipx-1.4.3-dist"
            }
          ],
          "store_path": "/nix/store/1gm46p4w4kh9rvcydiv3l3nllhk148rl-python3.11-pipx-1.4.3"
        },
        "x86_64-linux": {
          "outputs": [
            {
              "name": "out",
              "path": "/nix/store/4d63b8x66mf3y37za3i5gmazn5xq82sa-python3.11-pipx-1.4.3",
              "default": true
            },
            {
              "name": "dist",
              "path": "/nix/store/44kd2mkap2ypfh7vjzv9cdsikbl7520l-python3.11-pipx-1.4.3-dist"
            }
          ],
          "store_path": "/nix/store/4d63b8x66mf3y37za3i5gmazn5xq82sa-python3.11-pipx-1.4.3"
        }
      }
    },
    "python@3.13.0b1": {
      "last_modified": "2024-05-22T06:18:38Z",
      "plugin_version": "0.0.3",
      "resolved": "github:NixOS/nixpkgs/3f316d2a50699a78afe5e77ca486ad553169061e#python313",
      "source": "devbox-search",
      "version": "3.13.0b1",
      "systems": {
        "aarch64-darwin": {
          "outputs": [
            {
              "name": "out",
              "path": "/nix/store/xrxhjl6814dcpgj28405l6x3ix2rgyxp-python3-3.13.0b1",
              "default": true
            }
          ],
          "store_path": "/nix/store/xrxhjl6814dcpgj28405l6x3ix2rgyxp-python3-3.13.0b1"
        },
        "aarch64-linux": {
          "outputs": [
            {
              "name": "out",
              "path": "/nix/store/kcvczx7y0kr3grnn2yrahql6ilmi3spm-python3-3.13.0b1",
              "default": true
            },
            {
              "name": "debug",
              "path": "/nix/store/nfv79wahj0mr0yaf08wxdd0zxkdakc3s-python3-3.13.0b1-debug"
            }
          ],
          "store_path": "/nix/store/kcvczx7y0kr3grnn2yrahql6ilmi3spm-python3-3.13.0b1"
        },
        "x86_64-darwin": {
          "outputs": [
            {
              "name": "out",
              "path": "/nix/store/y78cda2f2hzy8l6kbscfz0d41xq3mv5p-python3-3.13.0b1",
              "default": true
            }
          ],
          "store_path": "/nix/store/y78cda2f2hzy8l6kbscfz0d41xq3mv5p-python3-3.13.0b1"
        },
        "x86_64-linux": {
          "outputs": [
            {
              "name": "out",
              "path": "/nix/store/xpfnsz1a19yhnnrl168y6i9y6w3yiykl-python3-3.13.0b1",
              "default": true
            },
            {
              "name": "debug",
              "path": "/nix/store/99l58vmf7k1ii6i2g2b28x7cfyrsbd9m-python3-3.13.0b1-debug"
            }
          ],
          "store_path": "/nix/store/xpfnsz1a19yhnnrl168y6i9y6w3yiykl-python3-3.13.0b1"
        }
      }
    },
    "teller@1.5.6": {
      "last_modified": "2024-05-22T06:18:38Z",
      "resolved": "github:NixOS/nixpkgs/3f316d2a50699a78afe5e77ca486ad553169061e#teller",
      "source": "devbox-search",
      "version": "1.5.6",
      "systems": {
        "aarch64-darwin": {
          "outputs": [
            {
              "name": "out",
              "path": "/nix/store/csinic7gd7ln27bys5m3lhr3nr0wqwc1-teller-1.5.6",
              "default": true
            }
          ],
          "store_path": "/nix/store/csinic7gd7ln27bys5m3lhr3nr0wqwc1-teller-1.5.6"
        },
        "aarch64-linux": {
          "outputs": [
            {
              "name": "out",
              "path": "/nix/store/v6zv4xvvc29l8ny86hkir7bzgafwgi4v-teller-1.5.6",
              "default": true
            }
          ],
          "store_path": "/nix/store/v6zv4xvvc29l8ny86hkir7bzgafwgi4v-teller-1.5.6"
        },
        "x86_64-darwin": {
          "outputs": [
            {
              "name": "out",
              "path": "/nix/store/q5k0fb4bwi1v64rsjy2kdlbh8h51b8kl-teller-1.5.6",
              "default": true
            }
          ],
          "store_path": "/nix/store/q5k0fb4bwi1v64rsjy2kdlbh8h51b8kl-teller-1.5.6"
        },
        "x86_64-linux": {
          "outputs": [
            {
              "name": "out",
              "path": "/nix/store/2r6xiywzp38nbw6vay8r4y6fy2wn2d27-teller-1.5.6",
              "default": true
            }
          ],
          "store_path": "/nix/store/2r6xiywzp38nbw6vay8r4y6fy2wn2d27-teller-1.5.6"
        }
      }
    }
  }
}
